{
  "version": "5",
  "specifiers": {
    "npm:@types/node@20": "20.19.17",
    "npm:@types/react-dom@19": "19.1.9_@types+react@19.1.13",
    "npm:@types/react@19": "19.1.13",
    "npm:framer-motion@^12.22.0": "12.23.15_react@19.1.1_react-dom@19.1.1__react@19.1.1",
    "npm:next@15.3.4": "15.3.4_react@19.1.1_react-dom@19.1.1__react@19.1.1",
    "npm:prettier@3.6.2": "3.6.2",
    "npm:react-dom@19": "19.1.1_react@19.1.1",
    "npm:react@19": "19.1.1",
    "npm:typescript@5": "5.9.2"
  },
  "npm": {
    "@emnapi/runtime@1.5.0": {
      "integrity": "sha512-97/BJ3iXHww3djw6hYIfErCZFee7qCtrneuLa20UXFCOTCfBM2cvQHjWJ2EG0s0MtdNwInarqCTz35i4wWXHsQ==",
      "dependencies": [
        "tslib"
      ]
    },
    "@img/colour@1.0.0": {
      "integrity": "sha512-A5P/LfWGFSl6nsckYtjw9da+19jB8hkJ6ACTGcDfEJ0aE+l2n2El7dsVM7UVHZQ9s2lmYMWlrS21YLy2IR1LUw=="
    },
    "@img/sharp-darwin-arm64@0.34.4": {
      "integrity": "sha512-sitdlPzDVyvmINUdJle3TNHl+AG9QcwiAMsXmccqsCOMZNIdW2/7S26w0LyU8euiLVzFBL3dXPwVCq/ODnf2vA==",
      "optionalDependencies": [
        "@img/sharp-libvips-darwin-arm64"
      ],
      "os": ["darwin"],
      "cpu": ["arm64"]
    },
    "@img/sharp-darwin-x64@0.34.4": {
      "integrity": "sha512-rZheupWIoa3+SOdF/IcUe1ah4ZDpKBGWcsPX6MT0lYniH9micvIU7HQkYTfrx5Xi8u+YqwLtxC/3vl8TQN6rMg==",
      "optionalDependencies": [
        "@img/sharp-libvips-darwin-x64"
      ],
      "os": ["darwin"],
      "cpu": ["x64"]
    },
    "@img/sharp-libvips-darwin-arm64@1.2.3": {
      "integrity": "sha512-QzWAKo7kpHxbuHqUC28DZ9pIKpSi2ts2OJnoIGI26+HMgq92ZZ4vk8iJd4XsxN+tYfNJxzH6W62X5eTcsBymHw==",
      "os": ["darwin"],
      "cpu": ["arm64"]
    },
    "@img/sharp-libvips-darwin-x64@1.2.3": {
      "integrity": "sha512-Ju+g2xn1E2AKO6YBhxjj+ACcsPQRHT0bhpglxcEf+3uyPY+/gL8veniKoo96335ZaPo03bdDXMv0t+BBFAbmRA==",
      "os": ["darwin"],
      "cpu": ["x64"]
    },
    "@img/sharp-libvips-linux-arm64@1.2.3": {
      "integrity": "sha512-I4RxkXU90cpufazhGPyVujYwfIm9Nk1QDEmiIsaPwdnm013F7RIceaCc87kAH+oUB1ezqEvC6ga4m7MSlqsJvQ==",
      "os": ["linux"],
      "cpu": ["arm64"]
    },
    "@img/sharp-libvips-linux-arm@1.2.3": {
      "integrity": "sha512-x1uE93lyP6wEwGvgAIV0gP6zmaL/a0tGzJs/BIDDG0zeBhMnuUPm7ptxGhUbcGs4okDJrk4nxgrmxpib9g6HpA==",
      "os": ["linux"],
      "cpu": ["arm"]
    },
    "@img/sharp-libvips-linux-ppc64@1.2.3": {
      "integrity": "sha512-Y2T7IsQvJLMCBM+pmPbM3bKT/yYJvVtLJGfCs4Sp95SjvnFIjynbjzsa7dY1fRJX45FTSfDksbTp6AGWudiyCg==",
      "os": ["linux"],
      "cpu": ["ppc64"]
    },
    "@img/sharp-libvips-linux-s390x@1.2.3": {
      "integrity": "sha512-RgWrs/gVU7f+K7P+KeHFaBAJlNkD1nIZuVXdQv6S+fNA6syCcoboNjsV2Pou7zNlVdNQoQUpQTk8SWDHUA3y/w==",
      "os": ["linux"],
      "cpu": ["s390x"]
    },
    "@img/sharp-libvips-linux-x64@1.2.3": {
      "integrity": "sha512-3JU7LmR85K6bBiRzSUc/Ff9JBVIFVvq6bomKE0e63UXGeRw2HPVEjoJke1Yx+iU4rL7/7kUjES4dZ/81Qjhyxg==",
      "os": ["linux"],
      "cpu": ["x64"]
    },
    "@img/sharp-libvips-linuxmusl-arm64@1.2.3": {
      "integrity": "sha512-F9q83RZ8yaCwENw1GieztSfj5msz7GGykG/BA+MOUefvER69K/ubgFHNeSyUu64amHIYKGDs4sRCMzXVj8sEyw==",
      "os": ["linux"],
      "cpu": ["arm64"]
    },
    "@img/sharp-libvips-linuxmusl-x64@1.2.3": {
      "integrity": "sha512-U5PUY5jbc45ANM6tSJpsgqmBF/VsL6LnxJmIf11kB7J5DctHgqm0SkuXzVWtIY90GnJxKnC/JT251TDnk1fu/g==",
      "os": ["linux"],
      "cpu": ["x64"]
    },
    "@img/sharp-linux-arm64@0.34.4": {
      "integrity": "sha512-YXU1F/mN/Wu786tl72CyJjP/Ngl8mGHN1hST4BGl+hiW5jhCnV2uRVTNOcaYPs73NeT/H8Upm3y9582JVuZHrQ==",
      "optionalDependencies": [
        "@img/sharp-libvips-linux-arm64"
      ],
      "os": ["linux"],
      "cpu": ["arm64"]
    },
    "@img/sharp-linux-arm@0.34.4": {
      "integrity": "sha512-Xyam4mlqM0KkTHYVSuc6wXRmM7LGN0P12li03jAnZ3EJWZqj83+hi8Y9UxZUbxsgsK1qOEwg7O0Bc0LjqQVtxA==",
      "optionalDependencies": [
        "@img/sharp-libvips-linux-arm"
      ],
      "os": ["linux"],
      "cpu": ["arm"]
    },
    "@img/sharp-linux-ppc64@0.34.4": {
      "integrity": "sha512-F4PDtF4Cy8L8hXA2p3TO6s4aDt93v+LKmpcYFLAVdkkD3hSxZzee0rh6/+94FpAynsuMpLX5h+LRsSG3rIciUQ==",
      "optionalDependencies": [
        "@img/sharp-libvips-linux-ppc64"
      ],
      "os": ["linux"],
      "cpu": ["ppc64"]
    },
    "@img/sharp-linux-s390x@0.34.4": {
      "integrity": "sha512-qVrZKE9Bsnzy+myf7lFKvng6bQzhNUAYcVORq2P7bDlvmF6u2sCmK2KyEQEBdYk+u3T01pVsPrkj943T1aJAsw==",
      "optionalDependencies": [
        "@img/sharp-libvips-linux-s390x"
      ],
      "os": ["linux"],
      "cpu": ["s390x"]
    },
    "@img/sharp-linux-x64@0.34.4": {
      "integrity": "sha512-ZfGtcp2xS51iG79c6Vhw9CWqQC8l2Ot8dygxoDoIQPTat/Ov3qAa8qpxSrtAEAJW+UjTXc4yxCjNfxm4h6Xm2A==",
      "optionalDependencies": [
        "@img/sharp-libvips-linux-x64"
      ],
      "os": ["linux"],
      "cpu": ["x64"]
    },
    "@img/sharp-linuxmusl-arm64@0.34.4": {
      "integrity": "sha512-8hDVvW9eu4yHWnjaOOR8kHVrew1iIX+MUgwxSuH2XyYeNRtLUe4VNioSqbNkB7ZYQJj9rUTT4PyRscyk2PXFKA==",
      "optionalDependencies": [
        "@img/sharp-libvips-linuxmusl-arm64"
      ],
      "os": ["linux"],
      "cpu": ["arm64"]
    },
    "@img/sharp-linuxmusl-x64@0.34.4": {
      "integrity": "sha512-lU0aA5L8QTlfKjpDCEFOZsTYGn3AEiO6db8W5aQDxj0nQkVrZWmN3ZP9sYKWJdtq3PWPhUNlqehWyXpYDcI9Sg==",
      "optionalDependencies": [
        "@img/sharp-libvips-linuxmusl-x64"
      ],
      "os": ["linux"],
      "cpu": ["x64"]
    },
    "@img/sharp-wasm32@0.34.4": {
      "integrity": "sha512-33QL6ZO/qpRyG7woB/HUALz28WnTMI2W1jgX3Nu2bypqLIKx/QKMILLJzJjI+SIbvXdG9fUnmrxR7vbi1sTBeA==",
      "dependencies": [
        "@emnapi/runtime"
      ],
      "cpu": ["wasm32"]
    },
    "@img/sharp-win32-arm64@0.34.4": {
      "integrity": "sha512-2Q250do/5WXTwxW3zjsEuMSv5sUU4Tq9VThWKlU2EYLm4MB7ZeMwF+SFJutldYODXF6jzc6YEOC+VfX0SZQPqA==",
      "os": ["win32"],
      "cpu": ["arm64"]
    },
    "@img/sharp-win32-ia32@0.34.4": {
      "integrity": "sha512-3ZeLue5V82dT92CNL6rsal6I2weKw1cYu+rGKm8fOCCtJTR2gYeUfY3FqUnIJsMUPIH68oS5jmZ0NiJ508YpEw==",
      "os": ["win32"],
      "cpu": ["ia32"]
    },
    "@img/sharp-win32-x64@0.34.4": {
      "integrity": "sha512-xIyj4wpYs8J18sVN3mSQjwrw7fKUqRw+Z5rnHNCy5fYTxigBz81u5mOMPmFumwjcn8+ld1ppptMBCLic1nz6ig==",
      "os": ["win32"],
      "cpu": ["x64"]
    },
    "@next/env@15.3.4": {
      "integrity": "sha512-ZkdYzBseS6UjYzz6ylVKPOK+//zLWvD6Ta+vpoye8cW11AjiQjGYVibF0xuvT4L0iJfAPfZLFidaEzAOywyOAQ=="
    },
    "@next/swc-darwin-arm64@15.3.4": {
      "integrity": "sha512-z0qIYTONmPRbwHWvpyrFXJd5F9YWLCsw3Sjrzj2ZvMYy9NPQMPZ1NjOJh4ojr4oQzcGYwgJKfidzehaNa1BpEg==",
      "os": ["darwin"],
      "cpu": ["arm64"]
    },
    "@next/swc-darwin-x64@15.3.4": {
      "integrity": "sha512-Z0FYJM8lritw5Wq+vpHYuCIzIlEMjewG2aRkc3Hi2rcbULknYL/xqfpBL23jQnCSrDUGAo/AEv0Z+s2bff9Zkw==",
      "os": ["darwin"],
      "cpu": ["x64"]
    },
    "@next/swc-linux-arm64-gnu@15.3.4": {
      "integrity": "sha512-l8ZQOCCg7adwmsnFm8m5q9eIPAHdaB2F3cxhufYtVo84pymwKuWfpYTKcUiFcutJdp9xGHC+F1Uq3xnFU1B/7g==",
      "os": ["linux"],
      "cpu": ["arm64"]
    },
    "@next/swc-linux-arm64-musl@15.3.4": {
      "integrity": "sha512-wFyZ7X470YJQtpKot4xCY3gpdn8lE9nTlldG07/kJYexCUpX1piX+MBfZdvulo+t1yADFVEuzFfVHfklfEx8kw==",
      "os": ["linux"],
      "cpu": ["arm64"]
    },
    "@next/swc-linux-x64-gnu@15.3.4": {
      "integrity": "sha512-gEbH9rv9o7I12qPyvZNVTyP/PWKqOp8clvnoYZQiX800KkqsaJZuOXkWgMa7ANCCh/oEN2ZQheh3yH8/kWPSEg==",
      "os": ["linux"],
      "cpu": ["x64"]
    },
    "@next/swc-linux-x64-musl@15.3.4": {
      "integrity": "sha512-Cf8sr0ufuC/nu/yQ76AnarbSAXcwG/wj+1xFPNbyNo8ltA6kw5d5YqO8kQuwVIxk13SBdtgXrNyom3ZosHAy4A==",
      "os": ["linux"],
      "cpu": ["x64"]
    },
    "@next/swc-win32-arm64-msvc@15.3.4": {
      "integrity": "sha512-ay5+qADDN3rwRbRpEhTOreOn1OyJIXS60tg9WMYTWCy3fB6rGoyjLVxc4dR9PYjEdR2iDYsaF5h03NA+XuYPQQ==",
      "os": ["win32"],
      "cpu": ["arm64"]
    },
    "@next/swc-win32-x64-msvc@15.3.4": {
      "integrity": "sha512-4kDt31Bc9DGyYs41FTL1/kNpDeHyha2TC0j5sRRoKCyrhNcfZ/nRQkAUlF27mETwm8QyHqIjHJitfcza2Iykfg==",
      "os": ["win32"],
      "cpu": ["x64"]
    },
    "@swc/counter@0.1.3": {
      "integrity": "sha512-e2BR4lsJkkRlKZ/qCHPw9ZaSxc0MVUd7gtbtaB7aMvHeJVYe8sOB8DBZkP2DtISHGSku9sCK6T6cnY0CtXrOCQ=="
    },
    "@swc/helpers@0.5.15": {
      "integrity": "sha512-JQ5TuMi45Owi4/BIMAJBoSQoOJu12oOk/gADqlcUL9JEdHB8vyjUSsxqeNXnmXHjYKMi2WcYtezGEEhqUI/E2g==",
      "dependencies": [
        "tslib"
      ]
    },
    "@types/node@20.19.17": {
      "integrity": "sha512-gfehUI8N1z92kygssiuWvLiwcbOB3IRktR6hTDgJlXMYh5OvkPSRmgfoBUmfZt+vhwJtX7v1Yw4KvvAf7c5QKQ==",
      "dependencies": [
        "undici-types"
      ]
    },
    "@types/react-dom@19.1.9_@types+react@19.1.13": {
      "integrity": "sha512-qXRuZaOsAdXKFyOhRBg6Lqqc0yay13vN7KrIg4L7N4aaHN68ma9OK3NE1BoDFgFOTfM7zg+3/8+2n8rLUH3OKQ==",
      "dependencies": [
        "@types/react"
      ]
    },
    "@types/react@19.1.13": {
      "integrity": "sha512-hHkbU/eoO3EG5/MZkuFSKmYqPbSVk5byPFa3e7y/8TybHiLMACgI8seVYlicwk7H5K/rI2px9xrQp/C+AUDTiQ==",
      "dependencies": [
        "csstype"
      ]
    },
    "busboy@1.6.0": {
      "integrity": "sha512-8SFQbg/0hQ9xy3UNTB0YEnsNBbWfhf7RtnzpL7TkBiTBRfrQ9Fxcnz7VJsleJpyp6rVLvXiuORqjlHi5q+PYuA==",
      "dependencies": [
        "streamsearch"
      ]
    },
    "caniuse-lite@1.0.30001743": {
      "integrity": "sha512-e6Ojr7RV14Un7dz6ASD0aZDmQPT/A+eZU+nuTNfjqmRrmkmQlnTNWH0SKmqagx9PeW87UVqapSurtAXifmtdmw=="
    },
    "client-only@0.0.1": {
      "integrity": "sha512-IV3Ou0jSMzZrd3pZ48nLkT9DA7Ag1pnPzaiQhpW7c3RbcqqzvzzVu+L8gfqMp/8IM2MQtSiqaCxrrcfu8I8rMA=="
    },
    "csstype@3.1.3": {
      "integrity": "sha512-M1uQkMl8rQK/szD0LNhtqxIPLpimGm8sOBwU7lLnCpSbTyY3yeU1Vc7l4KT5zT4s/yOxHH5O7tIuuLOCnLADRw=="
    },
    "detect-libc@2.1.0": {
      "integrity": "sha512-vEtk+OcP7VBRtQZ1EJ3bdgzSfBjgnEalLTp5zjJrS+2Z1w2KZly4SBdac/WDU3hhsNAZ9E8SC96ME4Ey8MZ7cg=="
    },
    "framer-motion@12.23.15_react@19.1.1_react-dom@19.1.1__react@19.1.1": {
      "integrity": "sha512-MBxUEHjWr/fRQ2aHg2CgdcjJpHMJ9ttHiPeClHDGiOJOYgmde3OXZUrbWDeeE8yvFrWA62hsPS4+rKQ9OJaoQA==",
      "dependencies": [
        "motion-dom",
        "motion-utils",
        "react",
        "react-dom",
        "tslib"
      ],
      "optionalPeers": [
        "react",
        "react-dom"
      ]
    },
    "motion-dom@12.23.12": {
      "integrity": "sha512-RcR4fvMCTESQBD/uKQe49D5RUeDOokkGRmz4ceaJKDBgHYtZtntC/s2vLvY38gqGaytinij/yi3hMcWVcEF5Kw==",
      "dependencies": [
        "motion-utils"
      ]
    },
    "motion-utils@12.23.6": {
      "integrity": "sha512-eAWoPgr4eFEOFfg2WjIsMoqJTW6Z8MTUCgn/GZ3VRpClWBdnbjryiA3ZSNLyxCTmCQx4RmYX6jX1iWHbenUPNQ=="
    },
    "nanoid@3.3.11": {
      "integrity": "sha512-N8SpfPUnUp1bK+PMYW8qSWdl9U+wwNWI4QKxOYDy9JAro3WMX7p2OeVRF9v+347pnakNevPmiHhNmZ2HbFA76w==",
      "bin": true
    },
    "next@15.3.4_react@19.1.1_react-dom@19.1.1__react@19.1.1": {
      "integrity": "sha512-mHKd50C+mCjam/gcnwqL1T1vPx/XQNFlXqFIVdgQdVAFY9iIQtY0IfaVflEYzKiqjeA7B0cYYMaCrmAYFjs4rA==",
      "dependencies": [
        "@next/env",
        "@swc/counter",
        "@swc/helpers",
        "busboy",
        "caniuse-lite",
        "postcss",
        "react",
        "react-dom",
        "styled-jsx"
      ],
      "optionalDependencies": [
        "@next/swc-darwin-arm64",
        "@next/swc-darwin-x64",
        "@next/swc-linux-arm64-gnu",
        "@next/swc-linux-arm64-musl",
        "@next/swc-linux-x64-gnu",
        "@next/swc-linux-x64-musl",
        "@next/swc-win32-arm64-msvc",
        "@next/swc-win32-x64-msvc",
        "sharp"
      ],
      "bin": true
    },
    "picocolors@1.1.1": {
      "integrity": "sha512-xceH2snhtb5M9liqDsmEw56le376mTZkEX/jEb/RxNFyegNul7eNslCXP9FDj/Lcu0X8KEyMceP2ntpaHrDEVA=="
    },
    "postcss@8.4.31": {
      "integrity": "sha512-PS08Iboia9mts/2ygV3eLpY5ghnUcfLV/EXTOW1E2qYxJKGGBUtNjN76FYHnMs36RmARn41bC0AZmn+rR0OVpQ==",
      "dependencies": [
        "nanoid",
        "picocolors",
        "source-map-js"
      ]
    },
    "prettier@3.6.2": {
      "integrity": "sha512-I7AIg5boAr5R0FFtJ6rCfD+LFsWHp81dolrFD8S79U9tb8Az2nGrJncnMSnys+bpQJfRUzqs9hnA81OAA3hCuQ==",
      "bin": true
    },
    "react-dom@19.1.1_react@19.1.1": {
      "integrity": "sha512-Dlq/5LAZgF0Gaz6yiqZCf6VCcZs1ghAJyrsu84Q/GT0gV+mCxbfmKNoGRKBYMJ8IEdGPqu49YWXD02GCknEDkw==",
      "dependencies": [
        "react",
        "scheduler"
      ]
    },
    "react@19.1.1": {
      "integrity": "sha512-w8nqGImo45dmMIfljjMwOGtbmC/mk4CMYhWIicdSflH91J9TyCyczcPFXJzrZ/ZXcgGRFeP6BU0BEJTw6tZdfQ=="
    },
    "scheduler@0.26.0": {
      "integrity": "sha512-NlHwttCI/l5gCPR3D1nNXtWABUmBwvZpEQiD4IXSbIDq8BzLIK/7Ir5gTFSGZDUu37K5cMNp0hFtzO38sC7gWA=="
    },
    "semver@7.7.2": {
      "integrity": "sha512-RF0Fw+rO5AMf9MAyaRXI4AV0Ulj5lMHqVxxdSgiVbixSCXoEmmX/jk0CuJw4+3SqroYO9VoUh+HcuJivvtJemA==",
      "bin": true
    },
    "sharp@0.34.4": {
      "integrity": "sha512-FUH39xp3SBPnxWvd5iib1X8XY7J0K0X7d93sie9CJg2PO8/7gmg89Nve6OjItK53/MlAushNNxteBYfM6DEuoA==",
      "dependencies": [
        "@img/colour",
        "detect-libc",
        "semver"
      ],
      "optionalDependencies": [
        "@img/sharp-darwin-arm64",
        "@img/sharp-darwin-x64",
        "@img/sharp-libvips-darwin-arm64",
        "@img/sharp-libvips-darwin-x64",
        "@img/sharp-libvips-linux-arm",
        "@img/sharp-libvips-linux-arm64",
        "@img/sharp-libvips-linux-ppc64",
        "@img/sharp-libvips-linux-s390x",
        "@img/sharp-libvips-linux-x64",
        "@img/sharp-libvips-linuxmusl-arm64",
        "@img/sharp-libvips-linuxmusl-x64",
        "@img/sharp-linux-arm",
        "@img/sharp-linux-arm64",
        "@img/sharp-linux-ppc64",
        "@img/sharp-linux-s390x",
        "@img/sharp-linux-x64",
        "@img/sharp-linuxmusl-arm64",
        "@img/sharp-linuxmusl-x64",
        "@img/sharp-wasm32",
        "@img/sharp-win32-arm64",
        "@img/sharp-win32-ia32",
        "@img/sharp-win32-x64"
      ],
      "scripts": true
    },
    "source-map-js@1.2.1": {
      "integrity": "sha512-UXWMKhLOwVKb728IUtQPXxfYU+usdybtUrK/8uGE8CQMvrhOpwvzDBwj0QhSL7MQc7vIsISBG8VQ8+IDQxpfQA=="
    },
    "streamsearch@1.1.0": {
      "integrity": "sha512-Mcc5wHehp9aXz1ax6bZUyY5afg9u2rv5cqQI3mRrYkGC8rW2hM02jWuwjtL++LS5qinSyhj2QfLyNsuc+VsExg=="
    },
    "styled-jsx@5.1.6_react@19.1.1": {
      "integrity": "sha512-qSVyDTeMotdvQYoHWLNGwRFJHC+i+ZvdBRYosOFgC+Wg1vx4frN2/RG/NA7SYqqvKNLf39P2LSRA2pu6n0XYZA==",
      "dependencies": [
        "client-only",
        "react"
      ]
    },
    "tslib@2.8.1": {
      "integrity": "sha512-oJFu94HQb+KVduSUQL7wnpmqnfmLsOA/nAh6b6EH0wCEoK0/mPeXU6c3wKDV83MkOuHPRHtSXKKU99IBazS/2w=="
    },
    "typescript@5.9.2": {
      "integrity": "sha512-CWBzXQrc/qOkhidw1OzBTQuYRbfyxDXJMVJ1XNwUHGROVmuaeiEm3OslpZ1RV96d7SKKjZKrSJu3+t/xlw3R9A==",
      "bin": true
    },
    "undici-types@6.21.0": {
      "integrity": "sha512-iwDZqg0QAGrg9Rav5H4n0M64c3mkR59cJ6wQp+7C4nI0gsmExaedaYLNO44eT4AtBBwjbTiGPMlt2Md0T9H9JQ=="
    }
  },
  "workspace": {
    "packageJson": {
      "dependencies": [
        "npm:@types/node@20",
        "npm:@types/react-dom@19",
        "npm:@types/react@19",
        "npm:framer-motion@^12.22.0",
        "npm:next@15.3.4",
        "npm:prettier@3.6.2",
        "npm:react-dom@19",
        "npm:react@19",
        "npm:typescript@5"
      ]
    }
  }
}
